
Microsoft Visual Studio Solution File, Format Version 12.00
Project("{FAE04EC0-301F-11D3-BF4B-00C04F79EFBC}") = "WorldSimulation.Models", "WorldSimulation.Models\WorldSimulation.Models.csproj", "{CFD373A0-B1B2-4EEA-981D-5CD93DA23D40}"
EndProject
Project("{FAE04EC0-301F-11D3-BF4B-00C04F79EFBC}") = "WorldSimulation.BusinessLogic", "WorldSimulation.BusinessLogic\WorldSimulation.BusinessLogic.csproj", "{96B8E148-1D2B-4F84-BCDF-E1A765E25D62}"
EndProject
Project("{FAE04EC0-301F-11D3-BF4B-00C04F79EFBC}") = "WorldSimulation.Wpf", "WorldSimulation.Wpf\WorldSimulation.Wpf.csproj", "{F7C3DD94-1B27-4629-BA79-B859AD34142C}"
EndProject
Project("{2150E333-8FDC-42A3-9474-1A3956D46DE8}") = "Logic", "Logic", "{8EC11E9D-9E28-4794-B6FA-25C33783BD1F}"
EndProject
Project("{2150E333-8FDC-42A3-9474-1A3956D46DE8}") = "Interfaces", "Interfaces", "{ABDEBA62-2822-4214-9144-AC14E62AF31C}"
EndProject
Project("{FAE04EC0-301F-11D3-BF4B-00C04F79EFBC}") = "WorldSimulation.Cmd", "WorldSimulation.Cmd\WorldSimulation.Cmd.csproj", "{C50EB93E-6B49-4C9A-9717-604EFD8A15C3}"
EndProject
Global
	GlobalSection(SolutionConfigurationPlatforms) = preSolution
		Debug|Any CPU = Debug|Any CPU
		Release|Any CPU = Release|Any CPU
	EndGlobalSection
	GlobalSection(ProjectConfigurationPlatforms) = postSolution
		{CFD373A0-B1B2-4EEA-981D-5CD93DA23D40}.Debug|Any CPU.ActiveCfg = Debug|Any CPU
		{CFD373A0-B1B2-4EEA-981D-5CD93DA23D40}.Debug|Any CPU.Build.0 = Debug|Any CPU
		{CFD373A0-B1B2-4EEA-981D-5CD93DA23D40}.Release|Any CPU.ActiveCfg = Release|Any CPU
		{CFD373A0-B1B2-4EEA-981D-5CD93DA23D40}.Release|Any CPU.Build.0 = Release|Any CPU
		{96B8E148-1D2B-4F84-BCDF-E1A765E25D62}.Debug|Any CPU.ActiveCfg = Debug|Any CPU
		{96B8E148-1D2B-4F84-BCDF-E1A765E25D62}.Debug|Any CPU.Build.0 = Debug|Any CPU
		{96B8E148-1D2B-4F84-BCDF-E1A765E25D62}.Release|Any CPU.ActiveCfg = Release|Any CPU
		{96B8E148-1D2B-4F84-BCDF-E1A765E25D62}.Release|Any CPU.Build.0 = Release|Any CPU
		{F7C3DD94-1B27-4629-BA79-B859AD34142C}.Debug|Any CPU.ActiveCfg = Debug|Any CPU
		{F7C3DD94-1B27-4629-BA79-B859AD34142C}.Debug|Any CPU.Build.0 = Debug|Any CPU
		{F7C3DD94-1B27-4629-BA79-B859AD34142C}.Release|Any CPU.ActiveCfg = Release|Any CPU
		{F7C3DD94-1B27-4629-BA79-B859AD34142C}.Release|Any CPU.Build.0 = Release|Any CPU
		{C50EB93E-6B49-4C9A-9717-604EFD8A15C3}.Debug|Any CPU.ActiveCfg = Debug|Any CPU
		{C50EB93E-6B49-4C9A-9717-604EFD8A15C3}.Debug|Any CPU.Build.0 = Debug|Any CPU
		{C50EB93E-6B49-4C9A-9717-604EFD8A15C3}.Release|Any CPU.ActiveCfg = Release|Any CPU
		{C50EB93E-6B49-4C9A-9717-604EFD8A15C3}.Release|Any CPU.Build.0 = Release|Any CPU
	EndGlobalSection
	GlobalSection(NestedProjects) = preSolution
		{96B8E148-1D2B-4F84-BCDF-E1A765E25D62} = {8EC11E9D-9E28-4794-B6FA-25C33783BD1F}
		{CFD373A0-B1B2-4EEA-981D-5CD93DA23D40} = {8EC11E9D-9E28-4794-B6FA-25C33783BD1F}
		{F7C3DD94-1B27-4629-BA79-B859AD34142C} = {ABDEBA62-2822-4214-9144-AC14E62AF31C}
		{C50EB93E-6B49-4C9A-9717-604EFD8A15C3} = {ABDEBA62-2822-4214-9144-AC14E62AF31C}
	EndGlobalSection
EndGlobal
